
Microsoft Visual Studio Solution File, Format Version 12.00
# Visual Studio Version 17
VisualStudioVersion = 17.0.32014.148
MinimumVisualStudioVersion = 10.0.40219.1
Project("{FAE04EC0-301F-11D3-BF4B-00C04F79EFBC}") = "BaseAPI", "BaseAPI\BaseAPI.csproj", "{0AA1480F-9050-41FB-9E46-5B536F4F1103}"
EndProject
Project("{FAE04EC0-301F-11D3-BF4B-00C04F79EFBC}") = "Shared", "Shared\Shared.csproj", "{3EECDCC0-5F67-4B40-AA41-E5DBE727725B}"
EndProject
Project("{FAE04EC0-301F-11D3-BF4B-00C04F79EFBC}") = "Tests_BaseAPI", "Tests_BaseAPI\Tests_BaseAPI.csproj", "{38BA07B9-56DB-4D35-B932-509CBCEE166D}"
EndProject
Global
	GlobalSection(SolutionConfigurationPlatforms) = preSolution
		Debug|Any CPU = Debug|Any CPU
		Release|Any CPU = Release|Any CPU
	EndGlobalSection
	GlobalSection(ProjectConfigurationPlatforms) = postSolution
		{0AA1480F-9050-41FB-9E46-5B536F4F1103}.Debug|Any CPU.ActiveCfg = Debug|Any CPU
		{0AA1480F-9050-41FB-9E46-5B536F4F1103}.Debug|Any CPU.Build.0 = Debug|Any CPU
		{0AA1480F-9050-41FB-9E46-5B536F4F1103}.Release|Any CPU.ActiveCfg = Release|Any CPU
		{0AA1480F-9050-41FB-9E46-5B536F4F1103}.Release|Any CPU.Build.0 = Release|Any CPU
		{3EECDCC0-5F67-4B40-AA41-E5DBE727725B}.Debug|Any CPU.ActiveCfg = Debug|Any CPU
		{3EECDCC0-5F67-4B40-AA41-E5DBE727725B}.Debug|Any CPU.Build.0 = Debug|Any CPU
		{3EECDCC0-5F67-4B40-AA41-E5DBE727725B}.Release|Any CPU.ActiveCfg = Release|Any CPU
		{3EECDCC0-5F67-4B40-AA41-E5DBE727725B}.Release|Any CPU.Build.0 = Release|Any CPU
		{38BA07B9-56DB-4D35-B932-509CBCEE166D}.Debug|Any CPU.ActiveCfg = Debug|Any CPU
		{38BA07B9-56DB-4D35-B932-509CBCEE166D}.Debug|Any CPU.Build.0 = Debug|Any CPU
		{38BA07B9-56DB-4D35-B932-509CBCEE166D}.Release|Any CPU.ActiveCfg = Release|Any CPU
		{38BA07B9-56DB-4D35-B932-509CBCEE166D}.Release|Any CPU.Build.0 = Release|Any CPU
	EndGlobalSection
	GlobalSection(SolutionProperties) = preSolution
		HideSolutionNode = FALSE
	EndGlobalSection
	GlobalSection(ExtensibilityGlobals) = postSolution
		SolutionGuid = {ACBCDF1C-085D-406B-8670-3C4E693091D2}
	EndGlobalSection
EndGlobal
